// !$*UTF8*$!
{
	archiveVersion = 1;
	classes = {
	};
	objectVersion = 55;
	objects = {

/* Begin PBXBuildFile section */
		6D0FAADE279772C70078D013 /* AppDelegate.swift in Sources */ = {isa = PBXBuildFile; fileRef = 6D0FAADD279772C70078D013 /* AppDelegate.swift */; };
		6D0FAAE0279772C70078D013 /* SceneDelegate.swift in Sources */ = {isa = PBXBuildFile; fileRef = 6D0FAADF279772C70078D013 /* SceneDelegate.swift */; };
		6D0FAAE2279772C70078D013 /* ShowAnimationsViewController.swift in Sources */ = {isa = PBXBuildFile; fileRef = 6D0FAAE1279772C70078D013 /* ShowAnimationsViewController.swift */; };
		6D0FAAE5279772C70078D013 /* Main.storyboard in Resources */ = {isa = PBXBuildFile; fileRef = 6D0FAAE3279772C70078D013 /* Main.storyboard */; };
		6D0FAAE7279772C80078D013 /* Assets.xcassets in Resources */ = {isa = PBXBuildFile; fileRef = 6D0FAAE6279772C80078D013 /* Assets.xcassets */; };
		6D0FAAEA279772C80078D013 /* LaunchScreen.storyboard in Resources */ = {isa = PBXBuildFile; fileRef = 6D0FAAE8279772C80078D013 /* LaunchScreen.storyboard */; };
		6D0FAAF7279775B90078D013 /* AnimationSetting.swift in Sources */ = {isa = PBXBuildFile; fileRef = 6D0FAAF6279775B90078D013 /* AnimationSetting.swift */; };
		6D0FAAFA279776B30078D013 /* DataManager.swift in Sources */ = {isa = PBXBuildFile; fileRef = 6D0FAAF9279776B30078D013 /* DataManager.swift */; };
		A0878D3D11EA12E32FFB3C2B /* Pods_ShowAnimations.framework in Frameworks */ = {isa = PBXBuildFile; fileRef = 7E1FC377DC94DB624E502AB2 /* Pods_ShowAnimations.framework */; };
/* End PBXBuildFile section */

/* Begin PBXFileReference section */
		04061A32AC176456877F16D4 /* Pods-ShowAnimations.release.xcconfig */ = {isa = PBXFileReference; includeInIndex = 1; lastKnownFileType = text.xcconfig; name = "Pods-ShowAnimations.release.xcconfig"; path = "Target Support Files/Pods-ShowAnimations/Pods-ShowAnimations.release.xcconfig"; sourceTree = "<group>"; };
		12CC037DC6CE9475D72DCF46 /* Pods-ShowAnimations.debug.xcconfig */ = {isa = PBXFileReference; includeInIndex = 1; lastKnownFileType = text.xcconfig; name = "Pods-ShowAnimations.debug.xcconfig"; path = "Target Support Files/Pods-ShowAnimations/Pods-ShowAnimations.debug.xcconfig"; sourceTree = "<group>"; };
		6D0FAADA279772C70078D013 /* ShowAnimations.app */ = {isa = PBXFileReference; explicitFileType = wrapper.application; includeInIndex = 0; path = ShowAnimations.app; sourceTree = BUILT_PRODUCTS_DIR; };
		6D0FAADD279772C70078D013 /* AppDelegate.swift */ = {isa = PBXFileReference; lastKnownFileType = sourcecode.swift; path = AppDelegate.swift; sourceTree = "<group>"; };
		6D0FAADF279772C70078D013 /* SceneDelegate.swift */ = {isa = PBXFileReference; lastKnownFileType = sourcecode.swift; path = SceneDelegate.swift; sourceTree = "<group>"; };
		6D0FAAE1279772C70078D013 /* ShowAnimationsViewController.swift */ = {isa = PBXFileReference; lastKnownFileType = sourcecode.swift; path = ShowAnimationsViewController.swift; sourceTree = "<group>"; };
		6D0FAAE4279772C70078D013 /* Base */ = {isa = PBXFileReference; lastKnownFileType = file.storyboard; name = Base; path = Base.lproj/Main.storyboard; sourceTree = "<group>"; };
		6D0FAAE6279772C80078D013 /* Assets.xcassets */ = {isa = PBXFileReference; lastKnownFileType = folder.assetcatalog; path = Assets.xcassets; sourceTree = "<group>"; };
		6D0FAAE9279772C80078D013 /* Base */ = {isa = PBXFileReference; lastKnownFileType = file.storyboard; name = Base; path = Base.lproj/LaunchScreen.storyboard; sourceTree = "<group>"; };
		6D0FAAEB279772C80078D013 /* Info.plist */ = {isa = PBXFileReference; lastKnownFileType = text.plist.xml; path = Info.plist; sourceTree = "<group>"; };
		6D0FAAF6279775B90078D013 /* AnimationSetting.swift */ = {isa = PBXFileReference; lastKnownFileType = sourcecode.swift; path = AnimationSetting.swift; sourceTree = "<group>"; };
		6D0FAAF9279776B30078D013 /* DataManager.swift */ = {isa = PBXFileReference; lastKnownFileType = sourcecode.swift; path = DataManager.swift; sourceTree = "<group>"; };
		7E1FC377DC94DB624E502AB2 /* Pods_ShowAnimations.framework */ = {isa = PBXFileReference; explicitFileType = wrapper.framework; includeInIndex = 0; path = Pods_ShowAnimations.framework; sourceTree = BUILT_PRODUCTS_DIR; };
/* End PBXFileReference section */

/* Begin PBXFrameworksBuildPhase section */
		6D0FAAD7279772C70078D013 /* Frameworks */ = {
			isa = PBXFrameworksBuildPhase;
			buildActionMask = 2147483647;
			files = (
				A0878D3D11EA12E32FFB3C2B /* Pods_ShowAnimations.framework in Frameworks */,
			);
			runOnlyForDeploymentPostprocessing = 0;
		};
/* End PBXFrameworksBuildPhase section */

/* Begin PBXGroup section */
		4A48EE7B476D23EBF5B829C0 /* Pods */ = {
			isa = PBXGroup;
			children = (
				12CC037DC6CE9475D72DCF46 /* Pods-ShowAnimations.debug.xcconfig */,
				04061A32AC176456877F16D4 /* Pods-ShowAnimations.release.xcconfig */,
			);
			path = Pods;
			sourceTree = "<group>";
		};
		6D0FAAD1279772C70078D013 = {
			isa = PBXGroup;
			children = (
				6D0FAADC279772C70078D013 /* ShowAnimations */,
				6D0FAADB279772C70078D013 /* Products */,
				4A48EE7B476D23EBF5B829C0 /* Pods */,
				7B737B5C3FBDB7116F96FDFB /* Frameworks */,
			);
			sourceTree = "<group>";
		};
		6D0FAADB279772C70078D013 /* Products */ = {
			isa = PBXGroup;
			children = (
				6D0FAADA279772C70078D013 /* ShowAnimations.app */,
			);
			name = Products;
			sourceTree = "<group>";
		};
		6D0FAADC279772C70078D013 /* ShowAnimations */ = {
			isa = PBXGroup;
			children = (
				6D0FAAF8279776730078D013 /* Services */,
				6D0FAAF22797754D0078D013 /* Views */,
				6D0FAAF1279774F30078D013 /* Controllers */,
				6D0FAAF3279775680078D013 /* Models */,
				6D0FAAF52797758D0078D013 /* Resources */,
				6D0FAAF42797757D0078D013 /* App */,
			);
			path = ShowAnimations;
			sourceTree = "<group>";
		};
		6D0FAAF1279774F30078D013 /* Controllers */ = {
			isa = PBXGroup;
			children = (
				6D0FAAE1279772C70078D013 /* ShowAnimationsViewController.swift */,
			);
			path = Controllers;
			sourceTree = "<group>";
		};
		6D0FAAF22797754D0078D013 /* Views */ = {
			isa = PBXGroup;
			children = (
				6D0FAAE3279772C70078D013 /* Main.storyboard */,
				6D0FAAE8279772C80078D013 /* LaunchScreen.storyboard */,
			);
			path = Views;
			sourceTree = "<group>";
		};
		6D0FAAF3279775680078D013 /* Models */ = {
			isa = PBXGroup;
			children = (
				6D0FAAF6279775B90078D013 /* AnimationSetting.swift */,
			);
			path = Models;
			sourceTree = "<group>";
		};
		6D0FAAF42797757D0078D013 /* App */ = {
			isa = PBXGroup;
			children = (
				6D0FAADD279772C70078D013 /* AppDelegate.swift */,
				6D0FAADF279772C70078D013 /* SceneDelegate.swift */,
				6D0FAAEB279772C80078D013 /* Info.plist */,
			);
			path = App;
			sourceTree = "<group>";
		};
		6D0FAAF52797758D0078D013 /* Resources */ = {
			isa = PBXGroup;
			children = (
				6D0FAAE6279772C80078D013 /* Assets.xcassets */,
			);
			path = Resources;
			sourceTree = "<group>";
		};
		6D0FAAF8279776730078D013 /* Services */ = {
			isa = PBXGroup;
			children = (
				6D0FAAF9279776B30078D013 /* DataManager.swift */,
			);
			path = Services;
			sourceTree = "<group>";
		};
		7B737B5C3FBDB7116F96FDFB /* Frameworks */ = {
			isa = PBXGroup;
			children = (
				7E1FC377DC94DB624E502AB2 /* Pods_ShowAnimations.framework */,
			);
			name = Frameworks;
			sourceTree = "<group>";
		};
/* End PBXGroup section */

/* Begin PBXNativeTarget section */
		6D0FAAD9279772C70078D013 /* ShowAnimations */ = {
			isa = PBXNativeTarget;
			buildConfigurationList = 6D0FAAEE279772C80078D013 /* Build configuration list for PBXNativeTarget "ShowAnimations" */;
			buildPhases = (
				7242F904C712BEE434F003A3 /* [CP] Check Pods Manifest.lock */,
				6D0FAAD6279772C70078D013 /* Sources */,
				6D0FAAD7279772C70078D013 /* Frameworks */,
				6D0FAAD8279772C70078D013 /* Resources */,
				4743C42275150B2D0D484B04 /* [CP] Embed Pods Frameworks */,
			);
			buildRules = (
			);
			dependencies = (
			);
			name = ShowAnimations;
			productName = ShowAnimations;
			productReference = 6D0FAADA279772C70078D013 /* ShowAnimations.app */;
			productType = "com.apple.product-type.application";
		};
/* End PBXNativeTarget section */

/* Begin PBXProject section */
		6D0FAAD2279772C70078D013 /* Project object */ = {
			isa = PBXProject;
			attributes = {
				BuildIndependentTargetsInParallel = 1;
				LastSwiftUpdateCheck = 1320;
				LastUpgradeCheck = 1320;
				TargetAttributes = {
					6D0FAAD9279772C70078D013 = {
						CreatedOnToolsVersion = 13.2.1;
					};
				};
			};
			buildConfigurationList = 6D0FAAD5279772C70078D013 /* Build configuration list for PBXProject "ShowAnimations" */;
			compatibilityVersion = "Xcode 13.0";
			developmentRegion = en;
			hasScannedForEncodings = 0;
			knownRegions = (
				en,
				Base,
			);
			mainGroup = 6D0FAAD1279772C70078D013;
			productRefGroup = 6D0FAADB279772C70078D013 /* Products */;
			projectDirPath = "";
			projectRoot = "";
			targets = (
				6D0FAAD9279772C70078D013 /* ShowAnimations */,
			);
		};
/* End PBXProject section */

/* Begin PBXResourcesBuildPhase section */
		6D0FAAD8279772C70078D013 /* Resources */ = {
			isa = PBXResourcesBuildPhase;
			buildActionMask = 2147483647;
			files = (
				6D0FAAEA279772C80078D013 /* LaunchScreen.storyboard in Resources */,
				6D0FAAE7279772C80078D013 /* Assets.xcassets in Resources */,
				6D0FAAE5279772C70078D013 /* Main.storyboard in Resources */,
			);
			runOnlyForDeploymentPostprocessing = 0;
		};
/* End PBXResourcesBuildPhase section */

/* Begin PBXShellScriptBuildPhase section */
		4743C42275150B2D0D484B04 /* [CP] Embed Pods Frameworks */ = {
			isa = PBXShellScriptBuildPhase;
			buildActionMask = 2147483647;
			files = (
			);
			inputFileListPaths = (
				"${PODS_ROOT}/Target Support Files/Pods-ShowAnimations/Pods-ShowAnimations-frameworks-${CONFIGURATION}-input-files.xcfilelist",
			);
			name = "[CP] Embed Pods Frameworks";
			outputFileListPaths = (
				"${PODS_ROOT}/Target Support Files/Pods-ShowAnimations/Pods-ShowAnimations-frameworks-${CONFIGURATION}-output-files.xcfilelist",
			);
			runOnlyForDeploymentPostprocessing = 0;
			shellPath = /bin/sh;
			shellScript = "\"${PODS_ROOT}/Target Support Files/Pods-ShowAnimations/Pods-ShowAnimations-frameworks.sh\"\n";
			showEnvVarsInLog = 0;
		};
		7242F904C712BEE434F003A3 /* [CP] Check Pods Manifest.lock */ = {
			isa = PBXShellScriptBuildPhase;
			buildActionMask = 2147483647;
			files = (
			);
			inputFileListPaths = (
			);
			inputPaths = (
				"${PODS_PODFILE_DIR_PATH}/Podfile.lock",
				"${PODS_ROOT}/Manifest.lock",
			);
			name = "[CP] Check Pods Manifest.lock";
			outputFileListPaths = (
			);
			outputPaths = (
				"$(DERIVED_FILE_DIR)/Pods-ShowAnimations-checkManifestLockResult.txt",
			);
			runOnlyForDeploymentPostprocessing = 0;
			shellPath = /bin/sh;
			shellScript = "diff \"${PODS_PODFILE_DIR_PATH}/Podfile.lock\" \"${PODS_ROOT}/Manifest.lock\" > /dev/null\nif [ $? != 0 ] ; then\n    # print error to STDERR\n    echo \"error: The sandbox is not in sync with the Podfile.lock. Run 'pod install' or update your CocoaPods installation.\" >&2\n    exit 1\nfi\n# This output is used by Xcode 'outputs' to avoid re-running this script phase.\necho \"SUCCESS\" > \"${SCRIPT_OUTPUT_FILE_0}\"\n";
			showEnvVarsInLog = 0;
		};
/* End PBXShellScriptBuildPhase section */

/* Begin PBXSourcesBuildPhase section */
		6D0FAAD6279772C70078D013 /* Sources */ = {
			isa = PBXSourcesBuildPhase;
			buildActionMask = 2147483647;
			files = (
				6D0FAAE2279772C70078D013 /* ShowAnimationsViewController.swift in Sources */,
				6D0FAAFA279776B30078D013 /* DataManager.swift in Sources */,
				6D0FAADE279772C70078D013 /* AppDelegate.swift in Sources */,
				6D0FAAE0279772C70078D013 /* SceneDelegate.swift in Sources */,
				6D0FAAF7279775B90078D013 /* AnimationSetting.swift in Sources */,
			);
			runOnlyForDeploymentPostprocessing = 0;
		};
/* End PBXSourcesBuildPhase section */

/* Begin PBXVariantGroup section */
		6D0FAAE3279772C70078D013 /* Main.storyboard */ = {
			isa = PBXVariantGroup;
			children = (
				6D0FAAE4279772C70078D013 /* Base */,
			);
			name = Main.storyboard;
			sourceTree = "<group>";
		};
		6D0FAAE8279772C80078D013 /* LaunchScreen.storyboard */ = {
			isa = PBXVariantGroup;
			children = (
				6D0FAAE9279772C80078D013 /* Base */,
			);
			name = LaunchScreen.storyboard;
			sourceTree = "<group>";
		};
/* End PBXVariantGroup section */

/* Begin XCBuildConfiguration section */
		6D0FAAEC279772C80078D013 /* Debug */ = {
			isa = XCBuildConfiguration;
			buildSettings = {
				ALWAYS_SEARCH_USER_PATHS = NO;
				CLANG_ANALYZER_NONNULL = YES;
				CLANG_ANALYZER_NUMBER_OBJECT_CONVERSION = YES_AGGRESSIVE;
				CLANG_CXX_LANGUAGE_STANDARD = "gnu++17";
				CLANG_CXX_LIBRARY = "libc++";
				CLANG_ENABLE_MODULES = YES;
				CLANG_ENABLE_OBJC_ARC = YES;
				CLANG_ENABLE_OBJC_WEAK = YES;
				CLANG_WARN_BLOCK_CAPTURE_AUTORELEASING = YES;
				CLANG_WARN_BOOL_CONVERSION = YES;
				CLANG_WARN_COMMA = YES;
				CLANG_WARN_CONSTANT_CONVERSION = YES;
				CLANG_WARN_DEPRECATED_OBJC_IMPLEMENTATIONS = YES;
				CLANG_WARN_DIRECT_OBJC_ISA_USAGE = YES_ERROR;
				CLANG_WARN_DOCUMENTATION_COMMENTS = YES;
				CLANG_WARN_EMPTY_BODY = YES;
				CLANG_WARN_ENUM_CONVERSION = YES;
				CLANG_WARN_INFINITE_RECURSION = YES;
				CLANG_WARN_INT_CONVERSION = YES;
				CLANG_WARN_NON_LITERAL_NULL_CONVERSION = YES;
				CLANG_WARN_OBJC_IMPLICIT_RETAIN_SELF = YES;
				CLANG_WARN_OBJC_LITERAL_CONVERSION = YES;
				CLANG_WARN_OBJC_ROOT_CLASS = YES_ERROR;
				CLANG_WARN_QUOTED_INCLUDE_IN_FRAMEWORK_HEADER = YES;
				CLANG_WARN_RANGE_LOOP_ANALYSIS = YES;
				CLANG_WARN_STRICT_PROTOTYPES = YES;
				CLANG_WARN_SUSPICIOUS_MOVE = YES;
				CLANG_WARN_UNGUARDED_AVAILABILITY = YES_AGGRESSIVE;
				CLANG_WARN_UNREACHABLE_CODE = YES;
				CLANG_WARN__DUPLICATE_METHOD_MATCH = YES;
				COPY_PHASE_STRIP = NO;
				DEBUG_INFORMATION_FORMAT = dwarf;
				ENABLE_STRICT_OBJC_MSGSEND = YES;
				ENABLE_TESTABILITY = YES;
				GCC_C_LANGUAGE_STANDARD = gnu11;
				GCC_DYNAMIC_NO_PIC = NO;
				GCC_NO_COMMON_BLOCKS = YES;
				GCC_OPTIMIZATION_LEVEL = 0;
				GCC_PREPROCESSOR_DEFINITIONS = (
					"DEBUG=1",
					"$(inherited)",
				);
				GCC_WARN_64_TO_32_BIT_CONVERSION = YES;
				GCC_WARN_ABOUT_RETURN_TYPE = YES_ERROR;
				GCC_WARN_UNDECLARED_SELECTOR = YES;
				GCC_WARN_UNINITIALIZED_AUTOS = YES_AGGRESSIVE;
				GCC_WARN_UNUSED_FUNCTION = YES;
				GCC_WARN_UNUSED_VARIABLE = YES;
				IPHONEOS_DEPLOYMENT_TARGET = 15.2;
				MTL_ENABLE_DEBUG_INFO = INCLUDE_SOURCE;
				MTL_FAST_MATH = YES;
				ONLY_ACTIVE_ARCH = YES;
				SDKROOT = iphoneos;
				SWIFT_ACTIVE_COMPILATION_CONDITIONS = DEBUG;
				SWIFT_OPTIMIZATION_LEVEL = "-Onone";
			};
			name = Debug;
		};
		6D0FAAED279772C80078D013 /* Release */ = {
			isa = XCBuildConfiguration;
			buildSettings = {
				ALWAYS_SEARCH_USER_PATHS = NO;
				CLANG_ANALYZER_NONNULL = YES;
				CLANG_ANALYZER_NUMBER_OBJECT_CONVERSION = YES_AGGRESSIVE;
				CLANG_CXX_LANGUAGE_STANDARD = "gnu++17";
				CLANG_CXX_LIBRARY = "libc++";
				CLANG_ENABLE_MODULES = YES;
				CLANG_ENABLE_OBJC_ARC = YES;
				CLANG_ENABLE_OBJC_WEAK = YES;
				CLANG_WARN_BLOCK_CAPTURE_AUTORELEASING = YES;
				CLANG_WARN_BOOL_CONVERSION = YES;
				CLANG_WARN_COMMA = YES;
				CLANG_WARN_CONSTANT_CONVERSION = YES;
				CLANG_WARN_DEPRECATED_OBJC_IMPLEMENTATIONS = YES;
				CLANG_WARN_DIRECT_OBJC_ISA_USAGE = YES_ERROR;
				CLANG_WARN_DOCUMENTATION_COMMENTS = YES;
				CLANG_WARN_EMPTY_BODY = YES;
				CLANG_WARN_ENUM_CONVERSION = YES;
				CLANG_WARN_INFINITE_RECURSION = YES;
				CLANG_WARN_INT_CONVERSION = YES;
				CLANG_WARN_NON_LITERAL_NULL_CONVERSION = YES;
				CLANG_WARN_OBJC_IMPLICIT_RETAIN_SELF = YES;
				CLANG_WARN_OBJC_LITERAL_CONVERSION = YES;
				CLANG_WARN_OBJC_ROOT_CLASS = YES_ERROR;
				CLANG_WARN_QUOTED_INCLUDE_IN_FRAMEWORK_HEADER = YES;
				CLANG_WARN_RANGE_LOOP_ANALYSIS = YES;
				CLANG_WARN_STRICT_PROTOTYPES = YES;
				CLANG_WARN_SUSPICIOUS_MOVE = YES;
				CLANG_WARN_UNGUARDED_AVAILABILITY = YES_AGGRESSIVE;
				CLANG_WARN_UNREACHABLE_CODE = YES;
				CLANG_WARN__DUPLICATE_METHOD_MATCH = YES;
				COPY_PHASE_STRIP = NO;
				DEBUG_INFORMATION_FORMAT = "dwarf-with-dsym";
				ENABLE_NS_ASSERTIONS = NO;
				ENABLE_STRICT_OBJC_MSGSEND = YES;
				GCC_C_LANGUAGE_STANDARD = gnu11;
				GCC_NO_COMMON_BLOCKS = YES;
				GCC_WARN_64_TO_32_BIT_CONVERSION = YES;
				GCC_WARN_ABOUT_RETURN_TYPE = YES_ERROR;
				GCC_WARN_UNDECLARED_SELECTOR = YES;
				GCC_WARN_UNINITIALIZED_AUTOS = YES_AGGRESSIVE;
				GCC_WARN_UNUSED_FUNCTION = YES;
				GCC_WARN_UNUSED_VARIABLE = YES;
				IPHONEOS_DEPLOYMENT_TARGET = 15.2;
				MTL_ENABLE_DEBUG_INFO = NO;
				MTL_FAST_MATH = YES;
				SDKROOT = iphoneos;
				SWIFT_COMPILATION_MODE = wholemodule;
				SWIFT_OPTIMIZATION_LEVEL = "-O";
				VALIDATE_PRODUCT = YES;
			};
			name = Release;
		};
		6D0FAAEF279772C80078D013 /* Debug */ = {
			isa = XCBuildConfiguration;
			baseConfigurationReference = 12CC037DC6CE9475D72DCF46 /* Pods-ShowAnimations.debug.xcconfig */;
			buildSettings = {
				ASSETCATALOG_COMPILER_APPICON_NAME = AppIcon;
				ASSETCATALOG_COMPILER_GLOBAL_ACCENT_COLOR_NAME = AccentColor;
				CODE_SIGN_STYLE = Automatic;
				CURRENT_PROJECT_VERSION = 1;
				DEVELOPMENT_TEAM = KK9GF9S9VR;
				GENERATE_INFOPLIST_FILE = YES;
				INFOPLIST_FILE = ShowAnimations/App/Info.plist;
				INFOPLIST_KEY_UIApplicationSupportsIndirectInputEvents = YES;
				INFOPLIST_KEY_UILaunchStoryboardName = LaunchScreen;
				INFOPLIST_KEY_UIMainStoryboardFile = Main;
				INFOPLIST_KEY_UISupportedInterfaceOrientations = UIInterfaceOrientationPortrait;
				INFOPLIST_KEY_UISupportedInterfaceOrientations_iPad = "UIInterfaceOrientationPortrait UIInterfaceOrientationPortraitUpsideDown UIInterfaceOrientationLandscapeLeft UIInterfaceOrientationLandscapeRight";
				INFOPLIST_KEY_UISupportedInterfaceOrientations_iPhone = "UIInterfaceOrientationPortrait UIInterfaceOrientationLandscapeLeft UIInterfaceOrientationLandscapeRight";
				LD_RUNPATH_SEARCH_PATHS = (
					"$(inherited)",
					"@executable_path/Frameworks",
				);
				MARKETING_VERSION = 1.0;
				PRODUCT_BUNDLE_IDENTIFIER = com.Andy.ShowAnimations;
				PRODUCT_NAME = "$(TARGET_NAME)";
				SWIFT_EMIT_LOC_STRINGS = YES;
				SWIFT_VERSION = 5.0;
				TARGETED_DEVICE_FAMILY = 1;
			};
			name = Debug;
		};
		6D0FAAF0279772C80078D013 /* Release */ = {
			isa = XCBuildConfiguration;
			baseConfigurationReference = 04061A32AC176456877F16D4 /* Pods-ShowAnimations.release.xcconfig */;
			buildSettings = {
				ASSETCATALOG_COMPILER_APPICON_NAME = AppIcon;
				ASSETCATALOG_COMPILER_GLOBAL_ACCENT_COLOR_NAME = AccentColor;
				CODE_SIGN_STYLE = Automatic;
				CURRENT_PROJECT_VERSION = 1;
				DEVELOPMENT_TEAM = KK9GF9S9VR;
				GENERATE_INFOPLIST_FILE = YES;
				INFOPLIST_FILE = ShowAnimations/App/Info.plist;
				INFOPLIST_KEY_UIApplicationSupportsIndirectInputEvents = YES;
				INFOPLIST_KEY_UILaunchStoryboardName = LaunchScreen;
				INFOPLIST_KEY_UIMainStoryboardFile = Main;
				INFOPLIST_KEY_UISupportedInterfaceOrientations = UIInterfaceOrientationPortrait;
				INFOPLIST_KEY_UISupportedInterfaceOrientations_iPad = "UIInterfaceOrientationPortrait UIInterfaceOrientationPortraitUpsideDown UIInterfaceOrientationLandscapeLeft UIInterfaceOrientationLandscapeRight";
				INFOPLIST_KEY_UISupportedInterfaceOrientations_iPhone = "UIInterfaceOrientationPortrait UIInterfaceOrientationLandscapeLeft UIInterfaceOrientationLandscapeRight";
				LD_RUNPATH_SEARCH_PATHS = (
					"$(inherited)",
					"@executable_path/Frameworks",
				);
				MARKETING_VERSION = 1.0;
				PRODUCT_BUNDLE_IDENTIFIER = com.Andy.ShowAnimations;
				PRODUCT_NAME = "$(TARGET_NAME)";
				SWIFT_EMIT_LOC_STRINGS = YES;
				SWIFT_VERSION = 5.0;
				TARGETED_DEVICE_FAMILY = 1;
			};
			name = Release;
		};
/* End XCBuildConfiguration section */

/* Begin XCConfigurationList section */
		6D0FAAD5279772C70078D013 /* Build configuration list for PBXProject "ShowAnimations" */ = {
			isa = XCConfigurationList;
			buildConfigurations = (
				6D0FAAEC279772C80078D013 /* Debug */,
				6D0FAAED279772C80078D013 /* Release */,
			);
			defaultConfigurationIsVisible = 0;
			defaultConfigurationName = Release;
		};
		6D0FAAEE279772C80078D013 /* Build configuration list for PBXNativeTarget "ShowAnimations" */ = {
			isa = XCConfigurationList;
			buildConfigurations = (
				6D0FAAEF279772C80078D013 /* Debug */,
				6D0FAAF0279772C80078D013 /* Release */,
			);
			defaultConfigurationIsVisible = 0;
			defaultConfigurationName = Release;
		};
/* End XCConfigurationList section */
	};
	rootObject = 6D0FAAD2279772C70078D013 /* Project object */;
}
